
Microsoft Visual Studio Solution File, Format Version 12.00
# Visual Studio 2013
VisualStudioVersion = 12.0.30501.0
MinimumVisualStudioVersion = 10.0.40219.1
Project("{E24C65DC-7377-472B-9ABA-BC803B73C61A}") = "abtn", "http://localhost:3667", "{CAFFB9AE-634F-495D-8E5F-46E74C6D7647}"
	ProjectSection(WebsiteProperties) = preProject
		UseIISExpress = "true"
		TargetFrameworkMoniker = ".NETFramework,Version%3Dv4.0"
		Debug.AspNetCompiler.VirtualPath = "/localhost_3667"
		Debug.AspNetCompiler.PhysicalPath = "D:\git\prohazko.github.io\abtn\"
		Debug.AspNetCompiler.TargetPath = "PrecompiledWeb\localhost_3667\"
		Debug.AspNetCompiler.Updateable = "true"
		Debug.AspNetCompiler.ForceOverwrite = "true"
		Debug.AspNetCompiler.FixedNames = "false"
		Debug.AspNetCompiler.Debug = "True"
		Release.AspNetCompiler.VirtualPath = "/localhost_3667"
		Release.AspNetCompiler.PhysicalPath = "D:\git\prohazko.github.io\abtn\"
		Release.AspNetCompiler.TargetPath = "PrecompiledWeb\localhost_3667\"
		Release.AspNetCompiler.Updateable = "true"
		Release.AspNetCompiler.ForceOverwrite = "true"
		Release.AspNetCompiler.FixedNames = "false"
		Release.AspNetCompiler.Debug = "False"
		SlnRelativePath = "D:\git\prohazko.github.io\abtn\"
	EndProjectSection
EndProject
Global
	GlobalSection(SolutionConfigurationPlatforms) = preSolution
		Debug|Any CPU = Debug|Any CPU
	EndGlobalSection
	GlobalSection(ProjectConfigurationPlatforms) = postSolution
		{CAFFB9AE-634F-495D-8E5F-46E74C6D7647}.Debug|Any CPU.ActiveCfg = Debug|Any CPU
		{CAFFB9AE-634F-495D-8E5F-46E74C6D7647}.Debug|Any CPU.Build.0 = Debug|Any CPU
	EndGlobalSection
	GlobalSection(SolutionProperties) = preSolution
		HideSolutionNode = FALSE
	EndGlobalSection
EndGlobal
